
Microsoft Visual Studio Solution File, Format Version 12.00
# Visual Studio Version 16
VisualStudioVersion = 16.0.28803.916
MinimumVisualStudioVersion = 10.0.40219.1
Project("{FAE04EC0-301F-11D3-BF4B-00C04F79EFBC}") = "Atividade_2_haras", "Atividade_2_haras\Atividade_2_haras.csproj", "{CEE3D1D4-B7DD-426A-8FBE-F1359CB26741}"
EndProject
Global
	GlobalSection(SolutionConfigurationPlatforms) = preSolution
		Debug|Any CPU = Debug|Any CPU
		Release|Any CPU = Release|Any CPU
	EndGlobalSection
	GlobalSection(ProjectConfigurationPlatforms) = postSolution
		{CEE3D1D4-B7DD-426A-8FBE-F1359CB26741}.Debug|Any CPU.ActiveCfg = Debug|Any CPU
		{CEE3D1D4-B7DD-426A-8FBE-F1359CB26741}.Debug|Any CPU.Build.0 = Debug|Any CPU
		{CEE3D1D4-B7DD-426A-8FBE-F1359CB26741}.Release|Any CPU.ActiveCfg = Release|Any CPU
		{CEE3D1D4-B7DD-426A-8FBE-F1359CB26741}.Release|Any CPU.Build.0 = Release|Any CPU
	EndGlobalSection
	GlobalSection(SolutionProperties) = preSolution
		HideSolutionNode = FALSE
	EndGlobalSection
	GlobalSection(ExtensibilityGlobals) = postSolution
		SolutionGuid = {6A34FA55-3A75-4417-B167-29B2A3A40F3B}
	EndGlobalSection
EndGlobal
